
Microsoft Visual Studio Solution File, Format Version 12.00
# Visual Studio Version 16
VisualStudioVersion = 16.0.30523.141
MinimumVisualStudioVersion = 10.0.40219.1
Project("{9A19103F-16F7-4668-BE54-9A1E7A4F7556}") = "DemoWebApi", "DemoWebApi.csproj", "{BE26E465-2388-4264-9EEC-9D9A87CC1789}"
EndProject
Global
	GlobalSection(SolutionConfigurationPlatforms) = preSolution
		Debug|Any CPU = Debug|Any CPU
		Release|Any CPU = Release|Any CPU
	EndGlobalSection
	GlobalSection(ProjectConfigurationPlatforms) = postSolution
		{BE26E465-2388-4264-9EEC-9D9A87CC1789}.Debug|Any CPU.ActiveCfg = Debug|Any CPU
		{BE26E465-2388-4264-9EEC-9D9A87CC1789}.Debug|Any CPU.Build.0 = Debug|Any CPU
		{BE26E465-2388-4264-9EEC-9D9A87CC1789}.Release|Any CPU.ActiveCfg = Release|Any CPU
		{BE26E465-2388-4264-9EEC-9D9A87CC1789}.Release|Any CPU.Build.0 = Release|Any CPU
	EndGlobalSection
	GlobalSection(SolutionProperties) = preSolution
		HideSolutionNode = FALSE
	EndGlobalSection
	GlobalSection(ExtensibilityGlobals) = postSolution
		SolutionGuid = {5C1B023F-0CB4-436B-935D-027059B4CD6F}
	EndGlobalSection
EndGlobal
